
Microsoft Visual Studio Solution File, Format Version 12.00
# Visual Studio Version 17
VisualStudioVersion = 17.7.34202.233
MinimumVisualStudioVersion = 10.0.40219.1
Project("{FAE04EC0-301F-11D3-BF4B-00C04F79EFBC}") = "WarehouseManager", "WarehouseManager.csproj", "{269D1DD7-0536-47F7-9798-C6AFA35DC96A}"
EndProject
Global
	GlobalSection(SolutionConfigurationPlatforms) = preSolution
		Debug|Any CPU = Debug|Any CPU
		Release|Any CPU = Release|Any CPU
	EndGlobalSection
	GlobalSection(ProjectConfigurationPlatforms) = postSolution
		{269D1DD7-0536-47F7-9798-C6AFA35DC96A}.Debug|Any CPU.ActiveCfg = Debug|Any CPU
		{269D1DD7-0536-47F7-9798-C6AFA35DC96A}.Debug|Any CPU.Build.0 = Debug|Any CPU
		{269D1DD7-0536-47F7-9798-C6AFA35DC96A}.Release|Any CPU.ActiveCfg = Release|Any CPU
		{269D1DD7-0536-47F7-9798-C6AFA35DC96A}.Release|Any CPU.Build.0 = Release|Any CPU
	EndGlobalSection
	GlobalSection(SolutionProperties) = preSolution
		HideSolutionNode = FALSE
	EndGlobalSection
	GlobalSection(ExtensibilityGlobals) = postSolution
		SolutionGuid = {F582D179-8AE6-4162-8FA2-7968A325267A}
	EndGlobalSection
EndGlobal
